
Microsoft Visual Studio Solution File, Format Version 12.00
# Visual Studio 14
VisualStudioVersion = 14.0.23107.0
MinimumVisualStudioVersion = 10.0.40219.1
Project("{FAE04EC0-301F-11D3-BF4B-00C04F79EFBC}") = "MultiLevelCachePoC.CacheCore", "MultiLevelCachePoC.CacheCore\MultiLevelCachePoC.CacheCore.csproj", "{BEBEF0EE-9D1E-4D57-851E-A31C7052520E}"
EndProject
Project("{FAE04EC0-301F-11D3-BF4B-00C04F79EFBC}") = "MultiLevelCachePoC.ConsoleLocalCache", "MultiLevelCachePoC.ConsoleLocalCache\MultiLevelCachePoC.ConsoleLocalCache.csproj", "{41389B8B-7BF2-4046-9571-C886D0019FE6}"
EndProject
Project("{FAE04EC0-301F-11D3-BF4B-00C04F79EFBC}") = "MultiLevelCachePoC.Domain", "MultiLevelCachePoC.Domain\MultiLevelCachePoC.Domain.csproj", "{17567C81-F7B1-4574-A725-38956E3B9B88}"
EndProject
Project("{FAE04EC0-301F-11D3-BF4B-00C04F79EFBC}") = "MultiLevelCachePoC.WcfMasterCache", "MultiLevelCachePoC.WcfMasterCache\MultiLevelCachePoC.WcfMasterCache.csproj", "{8053E2C2-F28B-4D13-BEDB-232B69E5A5D9}"
EndProject
Project("{2150E333-8FDC-42A3-9474-1A3956D46DE8}") = "Core", "Core", "{DB9D7DE6-86C5-4A15-9A04-FD1792DBAD2C}"
EndProject
Project("{2150E333-8FDC-42A3-9474-1A3956D46DE8}") = "UsageDemo", "UsageDemo", "{54D5FB63-1212-4AAA-A0F4-5B20D2832D3E}"
EndProject
Project("{FAE04EC0-301F-11D3-BF4B-00C04F79EFBC}") = "MultiLevelCachePoC.CachCore.Tests", "MultiLevelCachePoC.CachCore.Tests\MultiLevelCachePoC.CachCore.Tests.csproj", "{4005838F-4E4E-4201-A911-F5D7E7F38CAD}"
EndProject
Global
	GlobalSection(SolutionConfigurationPlatforms) = preSolution
		Debug|Any CPU = Debug|Any CPU
		Debug|x64 = Debug|x64
		Debug|x86 = Debug|x86
		Release|Any CPU = Release|Any CPU
		Release|x64 = Release|x64
		Release|x86 = Release|x86
	EndGlobalSection
	GlobalSection(ProjectConfigurationPlatforms) = postSolution
		{BEBEF0EE-9D1E-4D57-851E-A31C7052520E}.Debug|Any CPU.ActiveCfg = Debug|Any CPU
		{BEBEF0EE-9D1E-4D57-851E-A31C7052520E}.Debug|Any CPU.Build.0 = Debug|Any CPU
		{BEBEF0EE-9D1E-4D57-851E-A31C7052520E}.Debug|x64.ActiveCfg = Debug|x64
		{BEBEF0EE-9D1E-4D57-851E-A31C7052520E}.Debug|x64.Build.0 = Debug|x64
		{BEBEF0EE-9D1E-4D57-851E-A31C7052520E}.Debug|x86.ActiveCfg = Debug|x86
		{BEBEF0EE-9D1E-4D57-851E-A31C7052520E}.Debug|x86.Build.0 = Debug|x86
		{BEBEF0EE-9D1E-4D57-851E-A31C7052520E}.Release|Any CPU.ActiveCfg = Release|Any CPU
		{BEBEF0EE-9D1E-4D57-851E-A31C7052520E}.Release|Any CPU.Build.0 = Release|Any CPU
		{BEBEF0EE-9D1E-4D57-851E-A31C7052520E}.Release|x64.ActiveCfg = Release|x64
		{BEBEF0EE-9D1E-4D57-851E-A31C7052520E}.Release|x64.Build.0 = Release|x64
		{BEBEF0EE-9D1E-4D57-851E-A31C7052520E}.Release|x86.ActiveCfg = Release|x86
		{BEBEF0EE-9D1E-4D57-851E-A31C7052520E}.Release|x86.Build.0 = Release|x86
		{41389B8B-7BF2-4046-9571-C886D0019FE6}.Debug|Any CPU.ActiveCfg = Debug|Any CPU
		{41389B8B-7BF2-4046-9571-C886D0019FE6}.Debug|Any CPU.Build.0 = Debug|Any CPU
		{41389B8B-7BF2-4046-9571-C886D0019FE6}.Debug|x64.ActiveCfg = Debug|x64
		{41389B8B-7BF2-4046-9571-C886D0019FE6}.Debug|x64.Build.0 = Debug|x64
		{41389B8B-7BF2-4046-9571-C886D0019FE6}.Debug|x86.ActiveCfg = Debug|x86
		{41389B8B-7BF2-4046-9571-C886D0019FE6}.Debug|x86.Build.0 = Debug|x86
		{41389B8B-7BF2-4046-9571-C886D0019FE6}.Release|Any CPU.ActiveCfg = Release|Any CPU
		{41389B8B-7BF2-4046-9571-C886D0019FE6}.Release|Any CPU.Build.0 = Release|Any CPU
		{41389B8B-7BF2-4046-9571-C886D0019FE6}.Release|x64.ActiveCfg = Release|x64
		{41389B8B-7BF2-4046-9571-C886D0019FE6}.Release|x64.Build.0 = Release|x64
		{41389B8B-7BF2-4046-9571-C886D0019FE6}.Release|x86.ActiveCfg = Release|x86
		{41389B8B-7BF2-4046-9571-C886D0019FE6}.Release|x86.Build.0 = Release|x86
		{17567C81-F7B1-4574-A725-38956E3B9B88}.Debug|Any CPU.ActiveCfg = Debug|Any CPU
		{17567C81-F7B1-4574-A725-38956E3B9B88}.Debug|Any CPU.Build.0 = Debug|Any CPU
		{17567C81-F7B1-4574-A725-38956E3B9B88}.Debug|x64.ActiveCfg = Debug|x64
		{17567C81-F7B1-4574-A725-38956E3B9B88}.Debug|x64.Build.0 = Debug|x64
		{17567C81-F7B1-4574-A725-38956E3B9B88}.Debug|x86.ActiveCfg = Debug|x86
		{17567C81-F7B1-4574-A725-38956E3B9B88}.Debug|x86.Build.0 = Debug|x86
		{17567C81-F7B1-4574-A725-38956E3B9B88}.Release|Any CPU.ActiveCfg = Release|Any CPU
		{17567C81-F7B1-4574-A725-38956E3B9B88}.Release|Any CPU.Build.0 = Release|Any CPU
		{17567C81-F7B1-4574-A725-38956E3B9B88}.Release|x64.ActiveCfg = Release|x64
		{17567C81-F7B1-4574-A725-38956E3B9B88}.Release|x64.Build.0 = Release|x64
		{17567C81-F7B1-4574-A725-38956E3B9B88}.Release|x86.ActiveCfg = Release|x86
		{17567C81-F7B1-4574-A725-38956E3B9B88}.Release|x86.Build.0 = Release|x86
		{8053E2C2-F28B-4D13-BEDB-232B69E5A5D9}.Debug|Any CPU.ActiveCfg = Debug|Any CPU
		{8053E2C2-F28B-4D13-BEDB-232B69E5A5D9}.Debug|Any CPU.Build.0 = Debug|Any CPU
		{8053E2C2-F28B-4D13-BEDB-232B69E5A5D9}.Debug|x64.ActiveCfg = Debug|x64
		{8053E2C2-F28B-4D13-BEDB-232B69E5A5D9}.Debug|x64.Build.0 = Debug|x64
		{8053E2C2-F28B-4D13-BEDB-232B69E5A5D9}.Debug|x86.ActiveCfg = Debug|x86
		{8053E2C2-F28B-4D13-BEDB-232B69E5A5D9}.Debug|x86.Build.0 = Debug|x86
		{8053E2C2-F28B-4D13-BEDB-232B69E5A5D9}.Release|Any CPU.ActiveCfg = Release|Any CPU
		{8053E2C2-F28B-4D13-BEDB-232B69E5A5D9}.Release|Any CPU.Build.0 = Release|Any CPU
		{8053E2C2-F28B-4D13-BEDB-232B69E5A5D9}.Release|x64.ActiveCfg = Release|x64
		{8053E2C2-F28B-4D13-BEDB-232B69E5A5D9}.Release|x64.Build.0 = Release|x64
		{8053E2C2-F28B-4D13-BEDB-232B69E5A5D9}.Release|x86.ActiveCfg = Release|x86
		{8053E2C2-F28B-4D13-BEDB-232B69E5A5D9}.Release|x86.Build.0 = Release|x86
		{4005838F-4E4E-4201-A911-F5D7E7F38CAD}.Debug|Any CPU.ActiveCfg = Debug|Any CPU
		{4005838F-4E4E-4201-A911-F5D7E7F38CAD}.Debug|Any CPU.Build.0 = Debug|Any CPU
		{4005838F-4E4E-4201-A911-F5D7E7F38CAD}.Debug|x64.ActiveCfg = Debug|x64
		{4005838F-4E4E-4201-A911-F5D7E7F38CAD}.Debug|x64.Build.0 = Debug|x64
		{4005838F-4E4E-4201-A911-F5D7E7F38CAD}.Debug|x86.ActiveCfg = Debug|x86
		{4005838F-4E4E-4201-A911-F5D7E7F38CAD}.Debug|x86.Build.0 = Debug|x86
		{4005838F-4E4E-4201-A911-F5D7E7F38CAD}.Release|Any CPU.ActiveCfg = Release|Any CPU
		{4005838F-4E4E-4201-A911-F5D7E7F38CAD}.Release|Any CPU.Build.0 = Release|Any CPU
		{4005838F-4E4E-4201-A911-F5D7E7F38CAD}.Release|x64.ActiveCfg = Release|x64
		{4005838F-4E4E-4201-A911-F5D7E7F38CAD}.Release|x64.Build.0 = Release|x64
		{4005838F-4E4E-4201-A911-F5D7E7F38CAD}.Release|x86.ActiveCfg = Release|x86
		{4005838F-4E4E-4201-A911-F5D7E7F38CAD}.Release|x86.Build.0 = Release|x86
	EndGlobalSection
	GlobalSection(SolutionProperties) = preSolution
		HideSolutionNode = FALSE
	EndGlobalSection
	GlobalSection(NestedProjects) = preSolution
		{BEBEF0EE-9D1E-4D57-851E-A31C7052520E} = {DB9D7DE6-86C5-4A15-9A04-FD1792DBAD2C}
		{41389B8B-7BF2-4046-9571-C886D0019FE6} = {54D5FB63-1212-4AAA-A0F4-5B20D2832D3E}
		{17567C81-F7B1-4574-A725-38956E3B9B88} = {54D5FB63-1212-4AAA-A0F4-5B20D2832D3E}
		{8053E2C2-F28B-4D13-BEDB-232B69E5A5D9} = {54D5FB63-1212-4AAA-A0F4-5B20D2832D3E}
		{4005838F-4E4E-4201-A911-F5D7E7F38CAD} = {DB9D7DE6-86C5-4A15-9A04-FD1792DBAD2C}
	EndGlobalSection
EndGlobal
